// !$*UTF8*$!
{
	archiveVersion = 1;
	classes = {
	};
	objectVersion = 50;
	objects = {

/* Begin PBXBuildFile section */
		7F334731205078BD00935F52 /* PlaySoundViewController.swift in Sources */ = {isa = PBXBuildFile; fileRef = 7F334730205078BD00935F52 /* PlaySoundViewController.swift */; };
		7FFBCFCC20139E0F0039BDB6 /* AppDelegate.swift in Sources */ = {isa = PBXBuildFile; fileRef = 7FFBCFCB20139E0F0039BDB6 /* AppDelegate.swift */; };
		7FFBCFCE20139E0F0039BDB6 /* RecordSoundViewController.swift in Sources */ = {isa = PBXBuildFile; fileRef = 7FFBCFCD20139E0F0039BDB6 /* RecordSoundViewController.swift */; };
		7FFBCFD120139E0F0039BDB6 /* Main.storyboard in Resources */ = {isa = PBXBuildFile; fileRef = 7FFBCFCF20139E0F0039BDB6 /* Main.storyboard */; };
		7FFBCFD320139E0F0039BDB6 /* Assets.xcassets in Resources */ = {isa = PBXBuildFile; fileRef = 7FFBCFD220139E0F0039BDB6 /* Assets.xcassets */; };
		7FFBCFD620139E0F0039BDB6 /* LaunchScreen.storyboard in Resources */ = {isa = PBXBuildFile; fileRef = 7FFBCFD420139E0F0039BDB6 /* LaunchScreen.storyboard */; };
		7FFBCFE120139E0F0039BDB6 /* PitchPerfectTests.swift in Sources */ = {isa = PBXBuildFile; fileRef = 7FFBCFE020139E0F0039BDB6 /* PitchPerfectTests.swift */; };
		7FFBCFEC20139E0F0039BDB6 /* PitchPerfectUITests.swift in Sources */ = {isa = PBXBuildFile; fileRef = 7FFBCFEB20139E0F0039BDB6 /* PitchPerfectUITests.swift */; };
/* End PBXBuildFile section */

/* Begin PBXContainerItemProxy section */
		7FFBCFDD20139E0F0039BDB6 /* PBXContainerItemProxy */ = {
			isa = PBXContainerItemProxy;
			containerPortal = 7FFBCFC020139E0F0039BDB6 /* Project object */;
			proxyType = 1;
			remoteGlobalIDString = 7FFBCFC720139E0F0039BDB6;
			remoteInfo = PitchPerfect;
		};
		7FFBCFE820139E0F0039BDB6 /* PBXContainerItemProxy */ = {
			isa = PBXContainerItemProxy;
			containerPortal = 7FFBCFC020139E0F0039BDB6 /* Project object */;
			proxyType = 1;
			remoteGlobalIDString = 7FFBCFC720139E0F0039BDB6;
			remoteInfo = PitchPerfect;
		};
/* End PBXContainerItemProxy section */

/* Begin PBXFileReference section */
		7F334730205078BD00935F52 /* PlaySoundViewController.swift */ = {isa = PBXFileReference; lastKnownFileType = sourcecode.swift; path = PlaySoundViewController.swift; sourceTree = "<group>"; };
		7FFBCFC820139E0F0039BDB6 /* PitchPerfect.app */ = {isa = PBXFileReference; explicitFileType = wrapper.application; includeInIndex = 0; path = PitchPerfect.app; sourceTree = BUILT_PRODUCTS_DIR; };
		7FFBCFCB20139E0F0039BDB6 /* AppDelegate.swift */ = {isa = PBXFileReference; lastKnownFileType = sourcecode.swift; path = AppDelegate.swift; sourceTree = "<group>"; };
		7FFBCFCD20139E0F0039BDB6 /* RecordSoundViewController.swift */ = {isa = PBXFileReference; lastKnownFileType = sourcecode.swift; path = RecordSoundViewController.swift; sourceTree = "<group>"; };
		7FFBCFD020139E0F0039BDB6 /* Base */ = {isa = PBXFileReference; lastKnownFileType = file.storyboard; name = Base; path = Base.lproj/Main.storyboard; sourceTree = "<group>"; };
		7FFBCFD220139E0F0039BDB6 /* Assets.xcassets */ = {isa = PBXFileReference; lastKnownFileType = folder.assetcatalog; path = Assets.xcassets; sourceTree = "<group>"; };
		7FFBCFD520139E0F0039BDB6 /* Base */ = {isa = PBXFileReference; lastKnownFileType = file.storyboard; name = Base; path = Base.lproj/LaunchScreen.storyboard; sourceTree = "<group>"; };
		7FFBCFD720139E0F0039BDB6 /* Info.plist */ = {isa = PBXFileReference; lastKnownFileType = text.plist.xml; path = Info.plist; sourceTree = "<group>"; };
		7FFBCFDC20139E0F0039BDB6 /* PitchPerfectTests.xctest */ = {isa = PBXFileReference; explicitFileType = wrapper.cfbundle; includeInIndex = 0; path = PitchPerfectTests.xctest; sourceTree = BUILT_PRODUCTS_DIR; };
		7FFBCFE020139E0F0039BDB6 /* PitchPerfectTests.swift */ = {isa = PBXFileReference; lastKnownFileType = sourcecode.swift; path = PitchPerfectTests.swift; sourceTree = "<group>"; };
		7FFBCFE220139E0F0039BDB6 /* Info.plist */ = {isa = PBXFileReference; lastKnownFileType = text.plist.xml; path = Info.plist; sourceTree = "<group>"; };
		7FFBCFE720139E0F0039BDB6 /* PitchPerfectUITests.xctest */ = {isa = PBXFileReference; explicitFileType = wrapper.cfbundle; includeInIndex = 0; path = PitchPerfectUITests.xctest; sourceTree = BUILT_PRODUCTS_DIR; };
		7FFBCFEB20139E0F0039BDB6 /* PitchPerfectUITests.swift */ = {isa = PBXFileReference; lastKnownFileType = sourcecode.swift; path = PitchPerfectUITests.swift; sourceTree = "<group>"; };
		7FFBCFED20139E0F0039BDB6 /* Info.plist */ = {isa = PBXFileReference; lastKnownFileType = text.plist.xml; path = Info.plist; sourceTree = "<group>"; };
/* End PBXFileReference section */

/* Begin PBXFrameworksBuildPhase section */
		7FFBCFC520139E0F0039BDB6 /* Frameworks */ = {
			isa = PBXFrameworksBuildPhase;
			buildActionMask = 2147483647;
			files = (
			);
			runOnlyForDeploymentPostprocessing = 0;
		};
		7FFBCFD920139E0F0039BDB6 /* Frameworks */ = {
			isa = PBXFrameworksBuildPhase;
			buildActionMask = 2147483647;
			files = (
			);
			runOnlyForDeploymentPostprocessing = 0;
		};
		7FFBCFE420139E0F0039BDB6 /* Frameworks */ = {
			isa = PBXFrameworksBuildPhase;
			buildActionMask = 2147483647;
			files = (
			);
			runOnlyForDeploymentPostprocessing = 0;
		};
/* End PBXFrameworksBuildPhase section */

/* Begin PBXGroup section */
		7FFBCFBF20139E0F0039BDB6 = {
			isa = PBXGroup;
			children = (
				7FFBCFCA20139E0F0039BDB6 /* PitchPerfect */,
				7FFBCFDF20139E0F0039BDB6 /* PitchPerfectTests */,
				7FFBCFEA20139E0F0039BDB6 /* PitchPerfectUITests */,
				7FFBCFC920139E0F0039BDB6 /* Products */,
			);
			sourceTree = "<group>";
		};
		7FFBCFC920139E0F0039BDB6 /* Products */ = {
			isa = PBXGroup;
			children = (
				7FFBCFC820139E0F0039BDB6 /* PitchPerfect.app */,
				7FFBCFDC20139E0F0039BDB6 /* PitchPerfectTests.xctest */,
				7FFBCFE720139E0F0039BDB6 /* PitchPerfectUITests.xctest */,
			);
			name = Products;
			sourceTree = "<group>";
		};
		7FFBCFCA20139E0F0039BDB6 /* PitchPerfect */ = {
			isa = PBXGroup;
			children = (
				7FFBCFCB20139E0F0039BDB6 /* AppDelegate.swift */,
				7FFBCFCD20139E0F0039BDB6 /* RecordSoundViewController.swift */,
				7FFBCFCF20139E0F0039BDB6 /* Main.storyboard */,
				7FFBCFD220139E0F0039BDB6 /* Assets.xcassets */,
				7FFBCFD420139E0F0039BDB6 /* LaunchScreen.storyboard */,
				7FFBCFD720139E0F0039BDB6 /* Info.plist */,
				7F334730205078BD00935F52 /* PlaySoundViewController.swift */,
			);
			path = PitchPerfect;
			sourceTree = "<group>";
		};
		7FFBCFDF20139E0F0039BDB6 /* PitchPerfectTests */ = {
			isa = PBXGroup;
			children = (
				7FFBCFE020139E0F0039BDB6 /* PitchPerfectTests.swift */,
				7FFBCFE220139E0F0039BDB6 /* Info.plist */,
			);
			path = PitchPerfectTests;
			sourceTree = "<group>";
		};
		7FFBCFEA20139E0F0039BDB6 /* PitchPerfectUITests */ = {
			isa = PBXGroup;
			children = (
				7FFBCFEB20139E0F0039BDB6 /* PitchPerfectUITests.swift */,
				7FFBCFED20139E0F0039BDB6 /* Info.plist */,
			);
			path = PitchPerfectUITests;
			sourceTree = "<group>";
		};
/* End PBXGroup section */

/* Begin PBXNativeTarget section */
		7FFBCFC720139E0F0039BDB6 /* PitchPerfect */ = {
			isa = PBXNativeTarget;
			buildConfigurationList = 7FFBCFF020139E0F0039BDB6 /* Build configuration list for PBXNativeTarget "PitchPerfect" */;
			buildPhases = (
				7FFBCFC420139E0F0039BDB6 /* Sources */,
				7FFBCFC520139E0F0039BDB6 /* Frameworks */,
				7FFBCFC620139E0F0039BDB6 /* Resources */,
			);
			buildRules = (
			);
			dependencies = (
			);
			name = PitchPerfect;
			productName = PitchPerfect;
			productReference = 7FFBCFC820139E0F0039BDB6 /* PitchPerfect.app */;
			productType = "com.apple.product-type.application";
		};
		7FFBCFDB20139E0F0039BDB6 /* PitchPerfectTests */ = {
			isa = PBXNativeTarget;
			buildConfigurationList = 7FFBCFF320139E0F0039BDB6 /* Build configuration list for PBXNativeTarget "PitchPerfectTests" */;
			buildPhases = (
				7FFBCFD820139E0F0039BDB6 /* Sources */,
				7FFBCFD920139E0F0039BDB6 /* Frameworks */,
				7FFBCFDA20139E0F0039BDB6 /* Resources */,
			);
			buildRules = (
			);
			dependencies = (
				7FFBCFDE20139E0F0039BDB6 /* PBXTargetDependency */,
			);
			name = PitchPerfectTests;
			productName = PitchPerfectTests;
			productReference = 7FFBCFDC20139E0F0039BDB6 /* PitchPerfectTests.xctest */;
			productType = "com.apple.product-type.bundle.unit-test";
		};
		7FFBCFE620139E0F0039BDB6 /* PitchPerfectUITests */ = {
			isa = PBXNativeTarget;
			buildConfigurationList = 7FFBCFF620139E0F0039BDB6 /* Build configuration list for PBXNativeTarget "PitchPerfectUITests" */;
			buildPhases = (
				7FFBCFE320139E0F0039BDB6 /* Sources */,
				7FFBCFE420139E0F0039BDB6 /* Frameworks */,
				7FFBCFE520139E0F0039BDB6 /* Resources */,
			);
			buildRules = (
			);
			dependencies = (
				7FFBCFE920139E0F0039BDB6 /* PBXTargetDependency */,
			);
			name = PitchPerfectUITests;
			productName = PitchPerfectUITests;
			productReference = 7FFBCFE720139E0F0039BDB6 /* PitchPerfectUITests.xctest */;
			productType = "com.apple.product-type.bundle.ui-testing";
		};
/* End PBXNativeTarget section */

/* Begin PBXProject section */
		7FFBCFC020139E0F0039BDB6 /* Project object */ = {
			isa = PBXProject;
			attributes = {
				LastSwiftUpdateCheck = 0920;
				LastUpgradeCheck = 0920;
				ORGANIZATIONNAME = Udacity;
				TargetAttributes = {
					7FFBCFC720139E0F0039BDB6 = {
						CreatedOnToolsVersion = 9.2;
						LastSwiftMigration = 1000;
					};
					7FFBCFDB20139E0F0039BDB6 = {
						CreatedOnToolsVersion = 9.2;
						LastSwiftMigration = 1000;
						ProvisioningStyle = Automatic;
						TestTargetID = 7FFBCFC720139E0F0039BDB6;
					};
					7FFBCFE620139E0F0039BDB6 = {
						CreatedOnToolsVersion = 9.2;
						LastSwiftMigration = 1000;
						ProvisioningStyle = Automatic;
						TestTargetID = 7FFBCFC720139E0F0039BDB6;
					};
				};
			};
			buildConfigurationList = 7FFBCFC320139E0F0039BDB6 /* Build configuration list for PBXProject "PitchPerfect" */;
			compatibilityVersion = "Xcode 9.3";
			developmentRegion = en;
			hasScannedForEncodings = 0;
			knownRegions = (
				en,
				Base,
			);
			mainGroup = 7FFBCFBF20139E0F0039BDB6;
			productRefGroup = 7FFBCFC920139E0F0039BDB6 /* Products */;
			projectDirPath = "";
			projectRoot = "";
			targets = (
				7FFBCFC720139E0F0039BDB6 /* PitchPerfect */,
				7FFBCFDB20139E0F0039BDB6 /* PitchPerfectTests */,
				7FFBCFE620139E0F0039BDB6 /* PitchPerfectUITests */,
			);
		};
/* End PBXProject section */

/* Begin PBXResourcesBuildPhase section */
		7FFBCFC620139E0F0039BDB6 /* Resources */ = {
			isa = PBXResourcesBuildPhase;
			buildActionMask = 2147483647;
			files = (
				7FFBCFD620139E0F0039BDB6 /* LaunchScreen.storyboard in Resources */,
				7FFBCFD320139E0F0039BDB6 /* Assets.xcassets in Resources */,
				7FFBCFD120139E0F0039BDB6 /* Main.storyboard in Resources */,
			);
			runOnlyForDeploymentPostprocessing = 0;
		};
		7FFBCFDA20139E0F0039BDB6 /* Resources */ = {
			isa = PBXResourcesBuildPhase;
			buildActionMask = 2147483647;
			files = (
			);
			runOnlyForDeploymentPostprocessing = 0;
		};
		7FFBCFE520139E0F0039BDB6 /* Resources */ = {
			isa = PBXResourcesBuildPhase;
			buildActionMask = 2147483647;
			files = (
			);
			runOnlyForDeploymentPostprocessing = 0;
		};
/* End PBXResourcesBuildPhase section */

/* Begin PBXSourcesBuildPhase section */
		7FFBCFC420139E0F0039BDB6 /* Sources */ = {
			isa = PBXSourcesBuildPhase;
			buildActionMask = 2147483647;
			files = (
				7FFBCFCE20139E0F0039BDB6 /* RecordSoundViewController.swift in Sources */,
				7F334731205078BD00935F52 /* PlaySoundViewController.swift in Sources */,
				7FFBCFCC20139E0F0039BDB6 /* AppDelegate.swift in Sources */,
			);
			runOnlyForDeploymentPostprocessing = 0;
		};
		7FFBCFD820139E0F0039BDB6 /* Sources */ = {
			isa = PBXSourcesBuildPhase;
			buildActionMask = 2147483647;
			files = (
				7FFBCFE120139E0F0039BDB6 /* PitchPerfectTests.swift in Sources */,
			);
			runOnlyForDeploymentPostprocessing = 0;
		};
		7FFBCFE320139E0F0039BDB6 /* Sources */ = {
			isa = PBXSourcesBuildPhase;
			buildActionMask = 2147483647;
			files = (
				7FFBCFEC20139E0F0039BDB6 /* PitchPerfectUITests.swift in Sources */,
			);
			runOnlyForDeploymentPostprocessing = 0;
		};
/* End PBXSourcesBuildPhase section */

/* Begin PBXTargetDependency section */
		7FFBCFDE20139E0F0039BDB6 /* PBXTargetDependency */ = {
			isa = PBXTargetDependency;
			target = 7FFBCFC720139E0F0039BDB6 /* PitchPerfect */;
			targetProxy = 7FFBCFDD20139E0F0039BDB6 /* PBXContainerItemProxy */;
		};
		7FFBCFE920139E0F0039BDB6 /* PBXTargetDependency */ = {
			isa = PBXTargetDependency;
			target = 7FFBCFC720139E0F0039BDB6 /* PitchPerfect */;
			targetProxy = 7FFBCFE820139E0F0039BDB6 /* PBXContainerItemProxy */;
		};
/* End PBXTargetDependency section */

/* Begin PBXVariantGroup section */
		7FFBCFCF20139E0F0039BDB6 /* Main.storyboard */ = {
			isa = PBXVariantGroup;
			children = (
				7FFBCFD020139E0F0039BDB6 /* Base */,
			);
			name = Main.storyboard;
			sourceTree = "<group>";
		};
		7FFBCFD420139E0F0039BDB6 /* LaunchScreen.storyboard */ = {
			isa = PBXVariantGroup;
			children = (
				7FFBCFD520139E0F0039BDB6 /* Base */,
			);
			name = LaunchScreen.storyboard;
			sourceTree = "<group>";
		};
/* End PBXVariantGroup section */

/* Begin XCBuildConfiguration section */
		7FFBCFEE20139E0F0039BDB6 /* Debug */ = {
			isa = XCBuildConfiguration;
			buildSettings = {
				ALWAYS_SEARCH_USER_PATHS = NO;
				CLANG_ANALYZER_NONNULL = YES;
				CLANG_ANALYZER_NUMBER_OBJECT_CONVERSION = YES_AGGRESSIVE;
				CLANG_CXX_LANGUAGE_STANDARD = "gnu++14";
				CLANG_CXX_LIBRARY = "libc++";
				CLANG_ENABLE_MODULES = YES;
				CLANG_ENABLE_OBJC_ARC = YES;
				CLANG_WARN_BLOCK_CAPTURE_AUTORELEASING = YES;
				CLANG_WARN_BOOL_CONVERSION = YES;
				CLANG_WARN_COMMA = YES;
				CLANG_WARN_CONSTANT_CONVERSION = YES;
				CLANG_WARN_DIRECT_OBJC_ISA_USAGE = YES_ERROR;
				CLANG_WARN_DOCUMENTATION_COMMENTS = YES;
				CLANG_WARN_EMPTY_BODY = YES;
				CLANG_WARN_ENUM_CONVERSION = YES;
				CLANG_WARN_INFINITE_RECURSION = YES;
				CLANG_WARN_INT_CONVERSION = YES;
				CLANG_WARN_NON_LITERAL_NULL_CONVERSION = YES;
				CLANG_WARN_OBJC_LITERAL_CONVERSION = YES;
				CLANG_WARN_OBJC_ROOT_CLASS = YES_ERROR;
				CLANG_WARN_RANGE_LOOP_ANALYSIS = YES;
				CLANG_WARN_STRICT_PROTOTYPES = YES;
				CLANG_WARN_SUSPICIOUS_MOVE = YES;
				CLANG_WARN_UNGUARDED_AVAILABILITY = YES_AGGRESSIVE;
				CLANG_WARN_UNREACHABLE_CODE = YES;
				CLANG_WARN__DUPLICATE_METHOD_MATCH = YES;
				CODE_SIGN_IDENTITY = "";
				COPY_PHASE_STRIP = NO;
				DEBUG_INFORMATION_FORMAT = dwarf;
				ENABLE_STRICT_OBJC_MSGSEND = YES;
				ENABLE_TESTABILITY = YES;
				GCC_C_LANGUAGE_STANDARD = gnu11;
				GCC_DYNAMIC_NO_PIC = NO;
				GCC_NO_COMMON_BLOCKS = YES;
				GCC_OPTIMIZATION_LEVEL = 0;
				GCC_PREPROCESSOR_DEFINITIONS = (
					"DEBUG=1",
					"$(inherited)",
				);
				GCC_WARN_64_TO_32_BIT_CONVERSION = YES;
				GCC_WARN_ABOUT_RETURN_TYPE = YES_ERROR;
				GCC_WARN_UNDECLARED_SELECTOR = YES;
				GCC_WARN_UNINITIALIZED_AUTOS = YES_AGGRESSIVE;
				GCC_WARN_UNUSED_FUNCTION = YES;
				GCC_WARN_UNUSED_VARIABLE = YES;
				IPHONEOS_DEPLOYMENT_TARGET = 11.4;
				MTL_ENABLE_DEBUG_INFO = YES;
				NEW_SETTING = "";
				ONLY_ACTIVE_ARCH = YES;
				SDKROOT = iphoneos;
				SWIFT_ACTIVE_COMPILATION_CONDITIONS = DEBUG;
				SWIFT_OPTIMIZATION_LEVEL = "-Onone";
			};
			name = Debug;
		};
		7FFBCFEF20139E0F0039BDB6 /* Release */ = {
			isa = XCBuildConfiguration;
			buildSettings = {
				ALWAYS_SEARCH_USER_PATHS = NO;
				CLANG_ANALYZER_NONNULL = YES;
				CLANG_ANALYZER_NUMBER_OBJECT_CONVERSION = YES_AGGRESSIVE;
				CLANG_CXX_LANGUAGE_STANDARD = "gnu++14";
				CLANG_CXX_LIBRARY = "libc++";
				CLANG_ENABLE_MODULES = YES;
				CLANG_ENABLE_OBJC_ARC = YES;
				CLANG_WARN_BLOCK_CAPTURE_AUTORELEASING = YES;
				CLANG_WARN_BOOL_CONVERSION = YES;
				CLANG_WARN_COMMA = YES;
				CLANG_WARN_CONSTANT_CONVERSION = YES;
				CLANG_WARN_DIRECT_OBJC_ISA_USAGE = YES_ERROR;
				CLANG_WARN_DOCUMENTATION_COMMENTS = YES;
				CLANG_WARN_EMPTY_BODY = YES;
				CLANG_WARN_ENUM_CONVERSION = YES;
				CLANG_WARN_INFINITE_RECURSION = YES;
				CLANG_WARN_INT_CONVERSION = YES;
				CLANG_WARN_NON_LITERAL_NULL_CONVERSION = YES;
				CLANG_WARN_OBJC_LITERAL_CONVERSION = YES;
				CLANG_WARN_OBJC_ROOT_CLASS = YES_ERROR;
				CLANG_WARN_RANGE_LOOP_ANALYSIS = YES;
				CLANG_WARN_STRICT_PROTOTYPES = YES;
				CLANG_WARN_SUSPICIOUS_MOVE = YES;
				CLANG_WARN_UNGUARDED_AVAILABILITY = YES_AGGRESSIVE;
				CLANG_WARN_UNREACHABLE_CODE = YES;
				CLANG_WARN__DUPLICATE_METHOD_MATCH = YES;
				CODE_SIGN_IDENTITY = "";
				COPY_PHASE_STRIP = NO;
				DEBUG_INFORMATION_FORMAT = "dwarf-with-dsym";
				ENABLE_NS_ASSERTIONS = NO;
				ENABLE_STRICT_OBJC_MSGSEND = YES;
				GCC_C_LANGUAGE_STANDARD = gnu11;
				GCC_NO_COMMON_BLOCKS = YES;
				GCC_WARN_64_TO_32_BIT_CONVERSION = YES;
				GCC_WARN_ABOUT_RETURN_TYPE = YES_ERROR;
				GCC_WARN_UNDECLARED_SELECTOR = YES;
				GCC_WARN_UNINITIALIZED_AUTOS = YES_AGGRESSIVE;
				GCC_WARN_UNUSED_FUNCTION = YES;
				GCC_WARN_UNUSED_VARIABLE = YES;
				IPHONEOS_DEPLOYMENT_TARGET = 11.4;
				MTL_ENABLE_DEBUG_INFO = NO;
				NEW_SETTING = "";
				SDKROOT = iphoneos;
				SWIFT_COMPILATION_MODE = wholemodule;
				SWIFT_OPTIMIZATION_LEVEL = "-O";
				VALIDATE_PRODUCT = YES;
			};
			name = Release;
		};
		7FFBCFF120139E0F0039BDB6 /* Debug */ = {
			isa = XCBuildConfiguration;
			buildSettings = {
				ASSETCATALOG_COMPILER_APPICON_NAME = AppIcon;
				CODE_SIGN_IDENTITY = "iPhone Developer";
				CODE_SIGN_STYLE = Automatic;
				DEVELOPMENT_TEAM = GDZ87W5552;
				INFOPLIST_FILE = PitchPerfect/Info.plist;
				LD_RUNPATH_SEARCH_PATHS = (
					"$(inherited)",
					"@executable_path/Frameworks",
				);
				PRODUCT_BUNDLE_IDENTIFIER = mehdi.udacity.PitchPerfect;
				PRODUCT_NAME = "$(TARGET_NAME)";
				PROVISIONING_PROFILE_SPECIFIER = "";
				SWIFT_VERSION = 4.2;
				TARGETED_DEVICE_FAMILY = "1,2";
			};
			name = Debug;
		};
		7FFBCFF220139E0F0039BDB6 /* Release */ = {
			isa = XCBuildConfiguration;
			buildSettings = {
				ASSETCATALOG_COMPILER_APPICON_NAME = AppIcon;
				CODE_SIGN_IDENTITY = "iPhone Developer";
				CODE_SIGN_STYLE = Automatic;
				DEVELOPMENT_TEAM = GDZ87W5552;
				INFOPLIST_FILE = PitchPerfect/Info.plist;
				LD_RUNPATH_SEARCH_PATHS = (
					"$(inherited)",
					"@executable_path/Frameworks",
				);
				PRODUCT_BUNDLE_IDENTIFIER = mehdi.udacity.PitchPerfect;
				PRODUCT_NAME = "$(TARGET_NAME)";
				PROVISIONING_PROFILE_SPECIFIER = "";
				SWIFT_VERSION = 4.2;
				TARGETED_DEVICE_FAMILY = "1,2";
			};
			name = Release;
		};
		7FFBCFF420139E0F0039BDB6 /* Debug */ = {
			isa = XCBuildConfiguration;
			buildSettings = {
				ALWAYS_EMBED_SWIFT_STANDARD_LIBRARIES = YES;
				BUNDLE_LOADER = "$(TEST_HOST)";
				CODE_SIGN_STYLE = Automatic;
				INFOPLIST_FILE = PitchPerfectTests/Info.plist;
				LD_RUNPATH_SEARCH_PATHS = (
					"$(inherited)",
					"@executable_path/Frameworks",
					"@loader_path/Frameworks",
				);
				PRODUCT_BUNDLE_IDENTIFIER = com.udacity.PitchPerfectTests;
				PRODUCT_NAME = "$(TARGET_NAME)";
				SWIFT_VERSION = 4.2;
				TARGETED_DEVICE_FAMILY = "1,2";
				TEST_HOST = "$(BUILT_PRODUCTS_DIR)/PitchPerfect.app/PitchPerfect";
			};
			name = Debug;
		};
		7FFBCFF520139E0F0039BDB6 /* Release */ = {
			isa = XCBuildConfiguration;
			buildSettings = {
				ALWAYS_EMBED_SWIFT_STANDARD_LIBRARIES = YES;
				BUNDLE_LOADER = "$(TEST_HOST)";
				CODE_SIGN_STYLE = Automatic;
				INFOPLIST_FILE = PitchPerfectTests/Info.plist;
				LD_RUNPATH_SEARCH_PATHS = (
					"$(inherited)",
					"@executable_path/Frameworks",
					"@loader_path/Frameworks",
				);
				PRODUCT_BUNDLE_IDENTIFIER = com.udacity.PitchPerfectTests;
				PRODUCT_NAME = "$(TARGET_NAME)";
				SWIFT_VERSION = 4.2;
				TARGETED_DEVICE_FAMILY = "1,2";
				TEST_HOST = "$(BUILT_PRODUCTS_DIR)/PitchPerfect.app/PitchPerfect";
			};
			name = Release;
		};
		7FFBCFF720139E0F0039BDB6 /* Debug */ = {
			isa = XCBuildConfiguration;
			buildSettings = {
				ALWAYS_EMBED_SWIFT_STANDARD_LIBRARIES = YES;
				CODE_SIGN_STYLE = Automatic;
				INFOPLIST_FILE = PitchPerfectUITests/Info.plist;
				LD_RUNPATH_SEARCH_PATHS = (
					"$(inherited)",
					"@executable_path/Frameworks",
					"@loader_path/Frameworks",
				);
				PRODUCT_BUNDLE_IDENTIFIER = com.udacity.PitchPerfectUITests;
				PRODUCT_NAME = "$(TARGET_NAME)";
				SWIFT_VERSION = 4.2;
				TARGETED_DEVICE_FAMILY = "1,2";
				TEST_TARGET_NAME = PitchPerfect;
			};
			name = Debug;
		};
		7FFBCFF820139E0F0039BDB6 /* Release */ = {
			isa = XCBuildConfiguration;
			buildSettings = {
				ALWAYS_EMBED_SWIFT_STANDARD_LIBRARIES = YES;
				CODE_SIGN_STYLE = Automatic;
				INFOPLIST_FILE = PitchPerfectUITests/Info.plist;
				LD_RUNPATH_SEARCH_PATHS = (
					"$(inherited)",
					"@executable_path/Frameworks",
					"@loader_path/Frameworks",
				);
				PRODUCT_BUNDLE_IDENTIFIER = com.udacity.PitchPerfectUITests;
				PRODUCT_NAME = "$(TARGET_NAME)";
				SWIFT_VERSION = 4.2;
				TARGETED_DEVICE_FAMILY = "1,2";
				TEST_TARGET_NAME = PitchPerfect;
			};
			name = Release;
		};
/* End XCBuildConfiguration section */

/* Begin XCConfigurationList section */
		7FFBCFC320139E0F0039BDB6 /* Build configuration list for PBXProject "PitchPerfect" */ = {
			isa = XCConfigurationList;
			buildConfigurations = (
				7FFBCFEE20139E0F0039BDB6 /* Debug */,
				7FFBCFEF20139E0F0039BDB6 /* Release */,
			);
			defaultConfigurationIsVisible = 0;
			defaultConfigurationName = Release;
		};
		7FFBCFF020139E0F0039BDB6 /* Build configuration list for PBXNativeTarget "PitchPerfect" */ = {
			isa = XCConfigurationList;
			buildConfigurations = (
				7FFBCFF120139E0F0039BDB6 /* Debug */,
				7FFBCFF220139E0F0039BDB6 /* Release */,
			);
			defaultConfigurationIsVisible = 0;
			defaultConfigurationName = Release;
		};
		7FFBCFF320139E0F0039BDB6 /* Build configuration list for PBXNativeTarget "PitchPerfectTests" */ = {
			isa = XCConfigurationList;
			buildConfigurations = (
				7FFBCFF420139E0F0039BDB6 /* Debug */,
				7FFBCFF520139E0F0039BDB6 /* Release */,
			);
			defaultConfigurationIsVisible = 0;
			defaultConfigurationName = Release;
		};
		7FFBCFF620139E0F0039BDB6 /* Build configuration list for PBXNativeTarget "PitchPerfectUITests" */ = {
			isa = XCConfigurationList;
			buildConfigurations = (
				7FFBCFF720139E0F0039BDB6 /* Debug */,
				7FFBCFF820139E0F0039BDB6 /* Release */,
			);
			defaultConfigurationIsVisible = 0;
			defaultConfigurationName = Release;
		};
/* End XCConfigurationList section */
	};
	rootObject = 7FFBCFC020139E0F0039BDB6 /* Project object */;
}
